// !$*UTF8*$!
{
	archiveVersion = 1;
	classes = {
	};
	objectVersion = 46;
	objects = {

/* Begin PBXBuildFile section */
		1DAE2D361D086CFD00D3FE06 /* RCTConvert+TwilioIPMessagingClient.m in Sources */ = {isa = PBXBuildFile; fileRef = 1DAE2D2B1D086CFD00D3FE06 /* RCTConvert+TwilioIPMessagingClient.m */; };
		1DAE2D371D086CFD00D3FE06 /* RCTTwilioAccessManager.m in Sources */ = {isa = PBXBuildFile; fileRef = 1DAE2D2D1D086CFD00D3FE06 /* RCTTwilioAccessManager.m */; };
		1DAE2D381D086CFD00D3FE06 /* RCTTwilioIPMessagingChannels.m in Sources */ = {isa = PBXBuildFile; fileRef = 1DAE2D2F1D086CFD00D3FE06 /* RCTTwilioIPMessagingChannels.m */; };
		1DAE2D391D086CFD00D3FE06 /* RCTTwilioIPMessagingClient.m in Sources */ = {isa = PBXBuildFile; fileRef = 1DAE2D311D086CFD00D3FE06 /* RCTTwilioIPMessagingClient.m */; };
		1DAE2D3A1D086CFD00D3FE06 /* RCTTwilioIPMessagingMembers.m in Sources */ = {isa = PBXBuildFile; fileRef = 1DAE2D331D086CFD00D3FE06 /* RCTTwilioIPMessagingMembers.m */; };
		1DAE2D3B1D086CFD00D3FE06 /* RCTTwilioIPMessagingMessages.m in Sources */ = {isa = PBXBuildFile; fileRef = 1DAE2D351D086CFD00D3FE06 /* RCTTwilioIPMessagingMessages.m */; };
/* End PBXBuildFile section */

/* Begin PBXCopyFilesBuildPhase section */
		1DAE2D1C1D086CD600D3FE06 /* CopyFiles */ = {
			isa = PBXCopyFilesBuildPhase;
			buildActionMask = 2147483647;
			dstPath = "include/$(PRODUCT_NAME)";
			dstSubfolderSpec = 16;
			files = (
			);
			runOnlyForDeploymentPostprocessing = 0;
		};
/* End PBXCopyFilesBuildPhase section */

/* Begin PBXFileReference section */
		1DAE2D1E1D086CD600D3FE06 /* libRCTTwilioIPMessaging.a */ = {isa = PBXFileReference; explicitFileType = archive.ar; includeInIndex = 0; path = libRCTTwilioIPMessaging.a; sourceTree = BUILT_PRODUCTS_DIR; };
		1DAE2D2A1D086CFD00D3FE06 /* RCTConvert+TwilioIPMessagingClient.h */ = {isa = PBXFileReference; fileEncoding = 4; lastKnownFileType = sourcecode.c.h; path = "RCTConvert+TwilioIPMessagingClient.h"; sourceTree = "<group>"; };
		1DAE2D2B1D086CFD00D3FE06 /* RCTConvert+TwilioIPMessagingClient.m */ = {isa = PBXFileReference; fileEncoding = 4; lastKnownFileType = sourcecode.c.objc; path = "RCTConvert+TwilioIPMessagingClient.m"; sourceTree = "<group>"; };
		1DAE2D2C1D086CFD00D3FE06 /* RCTTwilioAccessManager.h */ = {isa = PBXFileReference; fileEncoding = 4; lastKnownFileType = sourcecode.c.h; path = RCTTwilioAccessManager.h; sourceTree = "<group>"; };
		1DAE2D2D1D086CFD00D3FE06 /* RCTTwilioAccessManager.m */ = {isa = PBXFileReference; fileEncoding = 4; lastKnownFileType = sourcecode.c.objc; path = RCTTwilioAccessManager.m; sourceTree = "<group>"; };
		1DAE2D2E1D086CFD00D3FE06 /* RCTTwilioIPMessagingChannels.h */ = {isa = PBXFileReference; fileEncoding = 4; lastKnownFileType = sourcecode.c.h; path = RCTTwilioIPMessagingChannels.h; sourceTree = "<group>"; };
		1DAE2D2F1D086CFD00D3FE06 /* RCTTwilioIPMessagingChannels.m */ = {isa = PBXFileReference; fileEncoding = 4; lastKnownFileType = sourcecode.c.objc; path = RCTTwilioIPMessagingChannels.m; sourceTree = "<group>"; };
		1DAE2D301D086CFD00D3FE06 /* RCTTwilioIPMessagingClient.h */ = {isa = PBXFileReference; fileEncoding = 4; lastKnownFileType = sourcecode.c.h; path = RCTTwilioIPMessagingClient.h; sourceTree = "<group>"; };
		1DAE2D311D086CFD00D3FE06 /* RCTTwilioIPMessagingClient.m */ = {isa = PBXFileReference; fileEncoding = 4; lastKnownFileType = sourcecode.c.objc; path = RCTTwilioIPMessagingClient.m; sourceTree = "<group>"; };
		1DAE2D321D086CFD00D3FE06 /* RCTTwilioIPMessagingMembers.h */ = {isa = PBXFileReference; fileEncoding = 4; lastKnownFileType = sourcecode.c.h; path = RCTTwilioIPMessagingMembers.h; sourceTree = "<group>"; };
		1DAE2D331D086CFD00D3FE06 /* RCTTwilioIPMessagingMembers.m */ = {isa = PBXFileReference; fileEncoding = 4; lastKnownFileType = sourcecode.c.objc; path = RCTTwilioIPMessagingMembers.m; sourceTree = "<group>"; };
		1DAE2D341D086CFD00D3FE06 /* RCTTwilioIPMessagingMessages.h */ = {isa = PBXFileReference; fileEncoding = 4; lastKnownFileType = sourcecode.c.h; path = RCTTwilioIPMessagingMessages.h; sourceTree = "<group>"; };
		1DAE2D351D086CFD00D3FE06 /* RCTTwilioIPMessagingMessages.m */ = {isa = PBXFileReference; fileEncoding = 4; lastKnownFileType = sourcecode.c.objc; path = RCTTwilioIPMessagingMessages.m; sourceTree = "<group>"; };
/* End PBXFileReference section */

/* Begin PBXFrameworksBuildPhase section */
		1DAE2D1B1D086CD600D3FE06 /* Frameworks */ = {
			isa = PBXFrameworksBuildPhase;
			buildActionMask = 2147483647;
			files = (
			);
			runOnlyForDeploymentPostprocessing = 0;
		};
/* End PBXFrameworksBuildPhase section */

/* Begin PBXGroup section */
		1DAE2D151D086CD600D3FE06 = {
			isa = PBXGroup;
			children = (
				1DAE2D201D086CD600D3FE06 /* RCTTwilioIPMessaging */,
				1DAE2D1F1D086CD600D3FE06 /* Products */,
			);
			sourceTree = "<group>";
		};
		1DAE2D1F1D086CD600D3FE06 /* Products */ = {
			isa = PBXGroup;
			children = (
				1DAE2D1E1D086CD600D3FE06 /* libRCTTwilioIPMessaging.a */,
			);
			name = Products;
			sourceTree = "<group>";
		};
		1DAE2D201D086CD600D3FE06 /* RCTTwilioIPMessaging */ = {
			isa = PBXGroup;
			children = (
				1DAE2D2A1D086CFD00D3FE06 /* RCTConvert+TwilioIPMessagingClient.h */,
				1DAE2D2B1D086CFD00D3FE06 /* RCTConvert+TwilioIPMessagingClient.m */,
				1DAE2D2C1D086CFD00D3FE06 /* RCTTwilioAccessManager.h */,
				1DAE2D2D1D086CFD00D3FE06 /* RCTTwilioAccessManager.m */,
				1DAE2D2E1D086CFD00D3FE06 /* RCTTwilioIPMessagingChannels.h */,
				1DAE2D2F1D086CFD00D3FE06 /* RCTTwilioIPMessagingChannels.m */,
				1DAE2D301D086CFD00D3FE06 /* RCTTwilioIPMessagingClient.h */,
				1DAE2D311D086CFD00D3FE06 /* RCTTwilioIPMessagingClient.m */,
				1DAE2D321D086CFD00D3FE06 /* RCTTwilioIPMessagingMembers.h */,
				1DAE2D331D086CFD00D3FE06 /* RCTTwilioIPMessagingMembers.m */,
				1DAE2D341D086CFD00D3FE06 /* RCTTwilioIPMessagingMessages.h */,
				1DAE2D351D086CFD00D3FE06 /* RCTTwilioIPMessagingMessages.m */,
			);
			path = RCTTwilioIPMessaging;
			sourceTree = "<group>";
		};
/* End PBXGroup section */

/* Begin PBXNativeTarget section */
		1DAE2D1D1D086CD600D3FE06 /* RCTTwilioIPMessaging */ = {
			isa = PBXNativeTarget;
			buildConfigurationList = 1DAE2D271D086CD600D3FE06 /* Build configuration list for PBXNativeTarget "RCTTwilioIPMessaging" */;
			buildPhases = (
				1DAE2D1A1D086CD600D3FE06 /* Sources */,
				1DAE2D1B1D086CD600D3FE06 /* Frameworks */,
				1DAE2D1C1D086CD600D3FE06 /* CopyFiles */,
			);
			buildRules = (
			);
			dependencies = (
			);
			name = RCTTwilioIPMessaging;
			productName = RCTTwilioIPMessaging;
			productReference = 1DAE2D1E1D086CD600D3FE06 /* libRCTTwilioIPMessaging.a */;
			productType = "com.apple.product-type.library.static";
		};
/* End PBXNativeTarget section */

/* Begin PBXProject section */
		1DAE2D161D086CD600D3FE06 /* Project object */ = {
			isa = PBXProject;
			attributes = {
				LastUpgradeCheck = 0730;
				ORGANIZATIONNAME = "Brad Bumbalough";
				TargetAttributes = {
					1DAE2D1D1D086CD600D3FE06 = {
						CreatedOnToolsVersion = 7.3.1;
					};
				};
			};
			buildConfigurationList = 1DAE2D191D086CD600D3FE06 /* Build configuration list for PBXProject "RCTTwilioIPMessaging" */;
			compatibilityVersion = "Xcode 3.2";
			developmentRegion = English;
			hasScannedForEncodings = 0;
			knownRegions = (
				en,
			);
			mainGroup = 1DAE2D151D086CD600D3FE06;
			productRefGroup = 1DAE2D1F1D086CD600D3FE06 /* Products */;
			projectDirPath = "";
			projectRoot = "";
			targets = (
				1DAE2D1D1D086CD600D3FE06 /* RCTTwilioIPMessaging */,
			);
		};
/* End PBXProject section */

/* Begin PBXSourcesBuildPhase section */
		1DAE2D1A1D086CD600D3FE06 /* Sources */ = {
			isa = PBXSourcesBuildPhase;
			buildActionMask = 2147483647;
			files = (
				1DAE2D381D086CFD00D3FE06 /* RCTTwilioIPMessagingChannels.m in Sources */,
				1DAE2D361D086CFD00D3FE06 /* RCTConvert+TwilioIPMessagingClient.m in Sources */,
				1DAE2D3A1D086CFD00D3FE06 /* RCTTwilioIPMessagingMembers.m in Sources */,
				1DAE2D391D086CFD00D3FE06 /* RCTTwilioIPMessagingClient.m in Sources */,
				1DAE2D371D086CFD00D3FE06 /* RCTTwilioAccessManager.m in Sources */,
				1DAE2D3B1D086CFD00D3FE06 /* RCTTwilioIPMessagingMessages.m in Sources */,
			);
			runOnlyForDeploymentPostprocessing = 0;
		};
/* End PBXSourcesBuildPhase section */

/* Begin XCBuildConfiguration section */
		1DAE2D251D086CD600D3FE06 /* Debug */ = {
			isa = XCBuildConfiguration;
			buildSettings = {
				ALWAYS_SEARCH_USER_PATHS = NO;
				CLANG_ANALYZER_NONNULL = YES;
				CLANG_CXX_LANGUAGE_STANDARD = "gnu++0x";
				CLANG_CXX_LIBRARY = "libc++";
				CLANG_ENABLE_MODULES = YES;
				CLANG_ENABLE_OBJC_ARC = YES;
				CLANG_WARN_BOOL_CONVERSION = YES;
				CLANG_WARN_CONSTANT_CONVERSION = YES;
				CLANG_WARN_DIRECT_OBJC_ISA_USAGE = YES_ERROR;
				CLANG_WARN_EMPTY_BODY = YES;
				CLANG_WARN_ENUM_CONVERSION = YES;
				CLANG_WARN_INT_CONVERSION = YES;
				CLANG_WARN_OBJC_ROOT_CLASS = YES_ERROR;
				CLANG_WARN_UNREACHABLE_CODE = YES;
				CLANG_WARN__DUPLICATE_METHOD_MATCH = YES;
				"CODE_SIGN_IDENTITY[sdk=iphoneos*]" = "iPhone Developer";
				COPY_PHASE_STRIP = NO;
				DEBUG_INFORMATION_FORMAT = dwarf;
				ENABLE_STRICT_OBJC_MSGSEND = YES;
				ENABLE_TESTABILITY = YES;
				GCC_C_LANGUAGE_STANDARD = gnu99;
				GCC_DYNAMIC_NO_PIC = NO;
				GCC_NO_COMMON_BLOCKS = YES;
				GCC_OPTIMIZATION_LEVEL = 0;
				GCC_PREPROCESSOR_DEFINITIONS = (
					"DEBUG=1",
					"$(inherited)",
				);
				GCC_WARN_64_TO_32_BIT_CONVERSION = YES;
				GCC_WARN_ABOUT_RETURN_TYPE = YES_ERROR;
				GCC_WARN_UNDECLARED_SELECTOR = YES;
				GCC_WARN_UNINITIALIZED_AUTOS = YES_AGGRESSIVE;
				GCC_WARN_UNUSED_FUNCTION = YES;
				GCC_WARN_UNUSED_VARIABLE = YES;
				IPHONEOS_DEPLOYMENT_TARGET = 9.3;
				MTL_ENABLE_DEBUG_INFO = YES;
				ONLY_ACTIVE_ARCH = YES;
				SDKROOT = iphoneos;
			};
			name = Debug;
		};
		1DAE2D261D086CD600D3FE06 /* Release */ = {
			isa = XCBuildConfiguration;
			buildSettings = {
				ALWAYS_SEARCH_USER_PATHS = NO;
				CLANG_ANALYZER_NONNULL = YES;
				CLANG_CXX_LANGUAGE_STANDARD = "gnu++0x";
				CLANG_CXX_LIBRARY = "libc++";
				CLANG_ENABLE_MODULES = YES;
				CLANG_ENABLE_OBJC_ARC = YES;
				CLANG_WARN_BOOL_CONVERSION = YES;
				CLANG_WARN_CONSTANT_CONVERSION = YES;
				CLANG_WARN_DIRECT_OBJC_ISA_USAGE = YES_ERROR;
				CLANG_WARN_EMPTY_BODY = YES;
				CLANG_WARN_ENUM_CONVERSION = YES;
				CLANG_WARN_INT_CONVERSION = YES;
				CLANG_WARN_OBJC_ROOT_CLASS = YES_ERROR;
				CLANG_WARN_UNREACHABLE_CODE = YES;
				CLANG_WARN__DUPLICATE_METHOD_MATCH = YES;
				"CODE_SIGN_IDENTITY[sdk=iphoneos*]" = "iPhone Developer";
				COPY_PHASE_STRIP = NO;
				DEBUG_INFORMATION_FORMAT = "dwarf-with-dsym";
				ENABLE_NS_ASSERTIONS = NO;
				ENABLE_STRICT_OBJC_MSGSEND = YES;
				GCC_C_LANGUAGE_STANDARD = gnu99;
				GCC_NO_COMMON_BLOCKS = YES;
				GCC_WARN_64_TO_32_BIT_CONVERSION = YES;
				GCC_WARN_ABOUT_RETURN_TYPE = YES_ERROR;
				GCC_WARN_UNDECLARED_SELECTOR = YES;
				GCC_WARN_UNINITIALIZED_AUTOS = YES_AGGRESSIVE;
				GCC_WARN_UNUSED_FUNCTION = YES;
				GCC_WARN_UNUSED_VARIABLE = YES;
				IPHONEOS_DEPLOYMENT_TARGET = 9.3;
				MTL_ENABLE_DEBUG_INFO = NO;
				SDKROOT = iphoneos;
				VALIDATE_PRODUCT = YES;
			};
			name = Release;
		};
		1DAE2D281D086CD600D3FE06 /* Debug */ = {
			isa = XCBuildConfiguration;
			buildSettings = {
				FRAMEWORK_SEARCH_PATHS = (
					"$(inherited)",
					"$(SRCROOT)/../../ios/Pods/**",
				);
				HEADER_SEARCH_PATHS = (
					"$(inherited)",
					"$(SRCROOT)/../../react-native/React/**",
					"$(SRCROOT)/../../../ios/Pods/Headers/**",
				);
				OTHER_LDFLAGS = (
					"-ObjC",
					"$(inherited)",
				);
				PODS_ROOT = "${SRCROOT}/../../ios/Pods";
				PRODUCT_NAME = "$(TARGET_NAME)";
				SKIP_INSTALL = YES;
			};
			name = Debug;
		};
		1DAE2D291D086CD600D3FE06 /* Release */ = {
			isa = XCBuildConfiguration;
			buildSettings = {
				FRAMEWORK_SEARCH_PATHS = (
					"$(inherited)",
					"$(SRCROOT)/../../ios/Pods/**",
				);
				HEADER_SEARCH_PATHS = (
					"$(inherited)",
					"$(SRCROOT)/../../react-native/React/**",
					"$(SRCROOT)/../../../ios/Pods/Headers/**",
				);
				OTHER_LDFLAGS = (
					"-ObjC",
					"$(inherited)",
				);
				PODS_ROOT = "${SRCROOT}/../../ios/Pods";
				PRODUCT_NAME = "$(TARGET_NAME)";
				SKIP_INSTALL = YES;
			};
			name = Release;
		};
/* End XCBuildConfiguration section */

/* Begin XCConfigurationList section */
		1DAE2D191D086CD600D3FE06 /* Build configuration list for PBXProject "RCTTwilioIPMessaging" */ = {
			isa = XCConfigurationList;
			buildConfigurations = (
				1DAE2D251D086CD600D3FE06 /* Debug */,
				1DAE2D261D086CD600D3FE06 /* Release */,
			);
			defaultConfigurationIsVisible = 0;
			defaultConfigurationName = Release;
		};
		1DAE2D271D086CD600D3FE06 /* Build configuration list for PBXNativeTarget "RCTTwilioIPMessaging" */ = {
			isa = XCConfigurationList;
			buildConfigurations = (
				1DAE2D281D086CD600D3FE06 /* Debug */,
				1DAE2D291D086CD600D3FE06 /* Release */,
			);
			defaultConfigurationIsVisible = 0;
			defaultConfigurationName = Release;
		};
/* End XCConfigurationList section */
	};
	rootObject = 1DAE2D161D086CD600D3FE06 /* Project object */;
}
